
Microsoft Visual Studio Solution File, Format Version 11.00
# Visual Studio 2010
Project("{FAE04EC0-301F-11D3-BF4B-00C04F79EFBC}") = "Assembly-CSharp", "Assembly-CSharp.csproj", "{a8ab9d34-aee8-cfbb-f552-42a7260e89be}"
EndProject
Project("{FAE04EC0-301F-11D3-BF4B-00C04F79EFBC}") = "Assembly-CSharp-Editor", "Assembly-CSharp-Editor.csproj", "{c1343232-97d7-c7ee-09a5-b9aa5960cb71}"
EndProject
Global
	GlobalSection(SolutionConfigurationPlatforms) = preSolution
		Debug|Any CPU = Debug|Any CPU
	EndGlobalSection
	GlobalSection(ProjectConfigurationPlatforms) = postSolution
		{a8ab9d34-aee8-cfbb-f552-42a7260e89be}.Debug|Any CPU.ActiveCfg = Debug|Any CPU
		{a8ab9d34-aee8-cfbb-f552-42a7260e89be}.Debug|Any CPU.Build.0 = Debug|Any CPU
		{c1343232-97d7-c7ee-09a5-b9aa5960cb71}.Debug|Any CPU.ActiveCfg = Debug|Any CPU
		{c1343232-97d7-c7ee-09a5-b9aa5960cb71}.Debug|Any CPU.Build.0 = Debug|Any CPU
	EndGlobalSection
	GlobalSection(SolutionProperties) = preSolution
		HideSolutionNode = FALSE
	EndGlobalSection
EndGlobal
