
Microsoft Visual Studio Solution File, Format Version 11.00
# Visual Studio 2010
Project("{FAE04EC0-301F-11D3-BF4B-00C04F79EFBC}") = "Assembly-CSharp", "Assembly-CSharp.csproj", "{349DABA8-E8AE-BBCF-F552-42A7260E89BE}"
EndProject
Project("{FAE04EC0-301F-11D3-BF4B-00C04F79EFBC}") = "Assembly-CSharp-Editor", "Assembly-CSharp-Editor.csproj", "{323234C1-D797-EEC7-09A5-B9AA5960CB71}"
EndProject
Global
	GlobalSection(SolutionConfigurationPlatforms) = preSolution
		Debug|Any CPU = Debug|Any CPU
		Release|Any CPU = Release|Any CPU
	EndGlobalSection
	GlobalSection(ProjectConfigurationPlatforms) = postSolution
		{349DABA8-E8AE-BBCF-F552-42A7260E89BE}.Debug|Any CPU.ActiveCfg = Debug|Any CPU
		{349DABA8-E8AE-BBCF-F552-42A7260E89BE}.Debug|Any CPU.Build.0 = Debug|Any CPU
		{349DABA8-E8AE-BBCF-F552-42A7260E89BE}.Release|Any CPU.ActiveCfg = Release|Any CPU
		{349DABA8-E8AE-BBCF-F552-42A7260E89BE}.Release|Any CPU.Build.0 = Release|Any CPU
		{323234C1-D797-EEC7-09A5-B9AA5960CB71}.Debug|Any CPU.ActiveCfg = Debug|Any CPU
		{323234C1-D797-EEC7-09A5-B9AA5960CB71}.Debug|Any CPU.Build.0 = Debug|Any CPU
		{323234C1-D797-EEC7-09A5-B9AA5960CB71}.Release|Any CPU.ActiveCfg = Release|Any CPU
		{323234C1-D797-EEC7-09A5-B9AA5960CB71}.Release|Any CPU.Build.0 = Release|Any CPU
	EndGlobalSection
	GlobalSection(SolutionProperties) = preSolution
		HideSolutionNode = FALSE
	EndGlobalSection
EndGlobal
